
Microsoft Visual Studio Solution File, Format Version 12.00
# Visual Studio Express 14 for Windows Desktop
VisualStudioVersion = 14.0.25420.1
MinimumVisualStudioVersion = 10.0.40219.1
Project("{FAE04EC0-301F-11D3-BF4B-00C04F79EFBC}") = "01.Methods and Debugging Exercises", "Methods and Debugging Exercises\01.Methods and Debugging Exercises.csproj", "{866EE431-DA74-4181-90EE-5D286366D32E}"
EndProject
Project("{FAE04EC0-301F-11D3-BF4B-00C04F79EFBC}") = "02.Max Method", "Max Method\02.Max Method.csproj", "{66980223-E4DA-4C1B-83CD-0B0EC4EDAE57}"
EndProject
Project("{FAE04EC0-301F-11D3-BF4B-00C04F79EFBC}") = "03.Name оf The Last Digit", "Name оf The Last Digit\03.Name оf The Last Digit.csproj", "{AB775EED-0D0F-4089-B811-E6B19DEAC444}"
EndProject
Project("{FAE04EC0-301F-11D3-BF4B-00C04F79EFBC}") = "04.NumbersReversedOrder", "NumbersReversedOrder\04.NumbersReversedOrder.csproj", "{A6D04E4A-2E6E-4932-96EE-0B9E9A25FE8A}"
EndProject
Project("{FAE04EC0-301F-11D3-BF4B-00C04F79EFBC}") = "05.FibonacciNumbers", "FibonacciNumbers\05.FibonacciNumbers.csproj", "{9BC870FC-541D-405D-A627-0120AD930ACC}"
EndProject
Project("{FAE04EC0-301F-11D3-BF4B-00C04F79EFBC}") = "06.PrimeChecker", "PrimeChecker\06.PrimeChecker.csproj", "{33E56025-542C-4B93-833E-762EB6A56396}"
EndProject
Project("{FAE04EC0-301F-11D3-BF4B-00C04F79EFBC}") = "08.CenterPoint", "CenterPoint\08.CenterPoint.csproj", "{FBAC6382-F997-4B0B-BD6E-D4DE0071AE2B}"
EndProject
Project("{FAE04EC0-301F-11D3-BF4B-00C04F79EFBC}") = "07.PrimesInGivenRange", "PrimesInGivenRange\07.PrimesInGivenRange.csproj", "{CA68C191-563B-4C36-A471-922064386C9F}"
EndProject
Project("{FAE04EC0-301F-11D3-BF4B-00C04F79EFBC}") = "10.Cube.Properties", "Cube.Properties\10.Cube.Properties.csproj", "{088BE203-57CA-475C-B392-3331DA71B9C1}"
EndProject
Project("{FAE04EC0-301F-11D3-BF4B-00C04F79EFBC}") = "11.GeometryCalculator", "GeometryCalculator\11.GeometryCalculator.csproj", "{1B0FEB21-50C4-42CA-8645-4D08923BE392}"
EndProject
Project("{FAE04EC0-301F-11D3-BF4B-00C04F79EFBC}") = "09.LongerLine", "LongerLine\09.LongerLine.csproj", "{38E7FFE4-6342-498D-8342-74995201CFFE}"
EndProject
Project("{FAE04EC0-301F-11D3-BF4B-00C04F79EFBC}") = "12.MasterNumber", "MasterNumber\12.MasterNumber.csproj", "{78356537-C741-4E7D-B5C6-595F1DB5ECAC}"
EndProject
Project("{FAE04EC0-301F-11D3-BF4B-00C04F79EFBC}") = "14.FactorialTrailingZeroes", "New1\14.FactorialTrailingZeroes.csproj", "{D8A31B03-9B38-4F11-B8DE-36102A982705}"
EndProject
Project("{FAE04EC0-301F-11D3-BF4B-00C04F79EFBC}") = "13.Factorial", "13.Factorial\13.Factorial.csproj", "{102E9E7E-3C35-4D69-9547-7E82E7E79657}"
EndProject
Project("{FAE04EC0-301F-11D3-BF4B-00C04F79EFBC}") = "15.SubstrBrok", "15.SubstrBrok\15.SubstrBrok.csproj", "{0A27C141-F3CC-45B8-9740-D8F45BE21FF4}"
EndProject
Project("{FAE04EC0-301F-11D3-BF4B-00C04F79EFBC}") = "16.InstructionSet", "InstructionSet\16.InstructionSet.csproj", "{6C87D374-24DF-431E-97BE-CE0BCC40B696}"
EndProject
Project("{FAE04EC0-301F-11D3-BF4B-00C04F79EFBC}") = "17.BePositive", "18.BePositive\17.BePositive.csproj", "{A5FCFE0A-5E58-4476-922F-56523337C06A}"
EndProject
Project("{FAE04EC0-301F-11D3-BF4B-00C04F79EFBC}") = "18.DebuggSequence", "18.DebuggSeque\18.DebuggSequence.csproj", "{370E00BC-6381-40BF-B8BB-230F0E99EC28}"
EndProject
Global
	GlobalSection(SolutionConfigurationPlatforms) = preSolution
		Debug|Any CPU = Debug|Any CPU
		Release|Any CPU = Release|Any CPU
	EndGlobalSection
	GlobalSection(ProjectConfigurationPlatforms) = postSolution
		{866EE431-DA74-4181-90EE-5D286366D32E}.Debug|Any CPU.ActiveCfg = Debug|Any CPU
		{866EE431-DA74-4181-90EE-5D286366D32E}.Debug|Any CPU.Build.0 = Debug|Any CPU
		{866EE431-DA74-4181-90EE-5D286366D32E}.Release|Any CPU.ActiveCfg = Release|Any CPU
		{866EE431-DA74-4181-90EE-5D286366D32E}.Release|Any CPU.Build.0 = Release|Any CPU
		{66980223-E4DA-4C1B-83CD-0B0EC4EDAE57}.Debug|Any CPU.ActiveCfg = Debug|Any CPU
		{66980223-E4DA-4C1B-83CD-0B0EC4EDAE57}.Debug|Any CPU.Build.0 = Debug|Any CPU
		{66980223-E4DA-4C1B-83CD-0B0EC4EDAE57}.Release|Any CPU.ActiveCfg = Release|Any CPU
		{66980223-E4DA-4C1B-83CD-0B0EC4EDAE57}.Release|Any CPU.Build.0 = Release|Any CPU
		{AB775EED-0D0F-4089-B811-E6B19DEAC444}.Debug|Any CPU.ActiveCfg = Debug|Any CPU
		{AB775EED-0D0F-4089-B811-E6B19DEAC444}.Debug|Any CPU.Build.0 = Debug|Any CPU
		{AB775EED-0D0F-4089-B811-E6B19DEAC444}.Release|Any CPU.ActiveCfg = Release|Any CPU
		{AB775EED-0D0F-4089-B811-E6B19DEAC444}.Release|Any CPU.Build.0 = Release|Any CPU
		{A6D04E4A-2E6E-4932-96EE-0B9E9A25FE8A}.Debug|Any CPU.ActiveCfg = Debug|Any CPU
		{A6D04E4A-2E6E-4932-96EE-0B9E9A25FE8A}.Debug|Any CPU.Build.0 = Debug|Any CPU
		{A6D04E4A-2E6E-4932-96EE-0B9E9A25FE8A}.Release|Any CPU.ActiveCfg = Release|Any CPU
		{A6D04E4A-2E6E-4932-96EE-0B9E9A25FE8A}.Release|Any CPU.Build.0 = Release|Any CPU
		{9BC870FC-541D-405D-A627-0120AD930ACC}.Debug|Any CPU.ActiveCfg = Debug|Any CPU
		{9BC870FC-541D-405D-A627-0120AD930ACC}.Debug|Any CPU.Build.0 = Debug|Any CPU
		{9BC870FC-541D-405D-A627-0120AD930ACC}.Release|Any CPU.ActiveCfg = Release|Any CPU
		{9BC870FC-541D-405D-A627-0120AD930ACC}.Release|Any CPU.Build.0 = Release|Any CPU
		{33E56025-542C-4B93-833E-762EB6A56396}.Debug|Any CPU.ActiveCfg = Debug|Any CPU
		{33E56025-542C-4B93-833E-762EB6A56396}.Debug|Any CPU.Build.0 = Debug|Any CPU
		{33E56025-542C-4B93-833E-762EB6A56396}.Release|Any CPU.ActiveCfg = Release|Any CPU
		{33E56025-542C-4B93-833E-762EB6A56396}.Release|Any CPU.Build.0 = Release|Any CPU
		{FBAC6382-F997-4B0B-BD6E-D4DE0071AE2B}.Debug|Any CPU.ActiveCfg = Debug|Any CPU
		{FBAC6382-F997-4B0B-BD6E-D4DE0071AE2B}.Debug|Any CPU.Build.0 = Debug|Any CPU
		{FBAC6382-F997-4B0B-BD6E-D4DE0071AE2B}.Release|Any CPU.ActiveCfg = Release|Any CPU
		{FBAC6382-F997-4B0B-BD6E-D4DE0071AE2B}.Release|Any CPU.Build.0 = Release|Any CPU
		{CA68C191-563B-4C36-A471-922064386C9F}.Debug|Any CPU.ActiveCfg = Debug|Any CPU
		{CA68C191-563B-4C36-A471-922064386C9F}.Debug|Any CPU.Build.0 = Debug|Any CPU
		{CA68C191-563B-4C36-A471-922064386C9F}.Release|Any CPU.ActiveCfg = Release|Any CPU
		{CA68C191-563B-4C36-A471-922064386C9F}.Release|Any CPU.Build.0 = Release|Any CPU
		{088BE203-57CA-475C-B392-3331DA71B9C1}.Debug|Any CPU.ActiveCfg = Debug|Any CPU
		{088BE203-57CA-475C-B392-3331DA71B9C1}.Debug|Any CPU.Build.0 = Debug|Any CPU
		{088BE203-57CA-475C-B392-3331DA71B9C1}.Release|Any CPU.ActiveCfg = Release|Any CPU
		{088BE203-57CA-475C-B392-3331DA71B9C1}.Release|Any CPU.Build.0 = Release|Any CPU
		{1B0FEB21-50C4-42CA-8645-4D08923BE392}.Debug|Any CPU.ActiveCfg = Debug|Any CPU
		{1B0FEB21-50C4-42CA-8645-4D08923BE392}.Debug|Any CPU.Build.0 = Debug|Any CPU
		{1B0FEB21-50C4-42CA-8645-4D08923BE392}.Release|Any CPU.ActiveCfg = Release|Any CPU
		{1B0FEB21-50C4-42CA-8645-4D08923BE392}.Release|Any CPU.Build.0 = Release|Any CPU
		{38E7FFE4-6342-498D-8342-74995201CFFE}.Debug|Any CPU.ActiveCfg = Debug|Any CPU
		{38E7FFE4-6342-498D-8342-74995201CFFE}.Debug|Any CPU.Build.0 = Debug|Any CPU
		{38E7FFE4-6342-498D-8342-74995201CFFE}.Release|Any CPU.ActiveCfg = Release|Any CPU
		{38E7FFE4-6342-498D-8342-74995201CFFE}.Release|Any CPU.Build.0 = Release|Any CPU
		{78356537-C741-4E7D-B5C6-595F1DB5ECAC}.Debug|Any CPU.ActiveCfg = Debug|Any CPU
		{78356537-C741-4E7D-B5C6-595F1DB5ECAC}.Debug|Any CPU.Build.0 = Debug|Any CPU
		{78356537-C741-4E7D-B5C6-595F1DB5ECAC}.Release|Any CPU.ActiveCfg = Release|Any CPU
		{78356537-C741-4E7D-B5C6-595F1DB5ECAC}.Release|Any CPU.Build.0 = Release|Any CPU
		{D8A31B03-9B38-4F11-B8DE-36102A982705}.Debug|Any CPU.ActiveCfg = Debug|Any CPU
		{D8A31B03-9B38-4F11-B8DE-36102A982705}.Debug|Any CPU.Build.0 = Debug|Any CPU
		{D8A31B03-9B38-4F11-B8DE-36102A982705}.Release|Any CPU.ActiveCfg = Release|Any CPU
		{D8A31B03-9B38-4F11-B8DE-36102A982705}.Release|Any CPU.Build.0 = Release|Any CPU
		{102E9E7E-3C35-4D69-9547-7E82E7E79657}.Debug|Any CPU.ActiveCfg = Debug|Any CPU
		{102E9E7E-3C35-4D69-9547-7E82E7E79657}.Debug|Any CPU.Build.0 = Debug|Any CPU
		{102E9E7E-3C35-4D69-9547-7E82E7E79657}.Release|Any CPU.ActiveCfg = Release|Any CPU
		{102E9E7E-3C35-4D69-9547-7E82E7E79657}.Release|Any CPU.Build.0 = Release|Any CPU
		{0A27C141-F3CC-45B8-9740-D8F45BE21FF4}.Debug|Any CPU.ActiveCfg = Debug|Any CPU
		{0A27C141-F3CC-45B8-9740-D8F45BE21FF4}.Debug|Any CPU.Build.0 = Debug|Any CPU
		{0A27C141-F3CC-45B8-9740-D8F45BE21FF4}.Release|Any CPU.ActiveCfg = Release|Any CPU
		{0A27C141-F3CC-45B8-9740-D8F45BE21FF4}.Release|Any CPU.Build.0 = Release|Any CPU
		{6C87D374-24DF-431E-97BE-CE0BCC40B696}.Debug|Any CPU.ActiveCfg = Debug|Any CPU
		{6C87D374-24DF-431E-97BE-CE0BCC40B696}.Debug|Any CPU.Build.0 = Debug|Any CPU
		{6C87D374-24DF-431E-97BE-CE0BCC40B696}.Release|Any CPU.ActiveCfg = Release|Any CPU
		{6C87D374-24DF-431E-97BE-CE0BCC40B696}.Release|Any CPU.Build.0 = Release|Any CPU
		{A5FCFE0A-5E58-4476-922F-56523337C06A}.Debug|Any CPU.ActiveCfg = Debug|Any CPU
		{A5FCFE0A-5E58-4476-922F-56523337C06A}.Debug|Any CPU.Build.0 = Debug|Any CPU
		{A5FCFE0A-5E58-4476-922F-56523337C06A}.Release|Any CPU.ActiveCfg = Release|Any CPU
		{A5FCFE0A-5E58-4476-922F-56523337C06A}.Release|Any CPU.Build.0 = Release|Any CPU
		{370E00BC-6381-40BF-B8BB-230F0E99EC28}.Debug|Any CPU.ActiveCfg = Debug|Any CPU
		{370E00BC-6381-40BF-B8BB-230F0E99EC28}.Debug|Any CPU.Build.0 = Debug|Any CPU
		{370E00BC-6381-40BF-B8BB-230F0E99EC28}.Release|Any CPU.ActiveCfg = Release|Any CPU
		{370E00BC-6381-40BF-B8BB-230F0E99EC28}.Release|Any CPU.Build.0 = Release|Any CPU
	EndGlobalSection
	GlobalSection(SolutionProperties) = preSolution
		HideSolutionNode = FALSE
	EndGlobalSection
EndGlobal
