
Microsoft Visual Studio Solution File, Format Version 12.00
# Visual Studio Express 14 for Windows Desktop
VisualStudioVersion = 14.0.25420.1
MinimumVisualStudioVersion = 10.0.40219.1
Project("{FAE04EC0-301F-11D3-BF4B-00C04F79EFBC}") = "FilesDirectoriesAndExceptions", "FilesDirectoriesAndExceptions\FilesDirectoriesAndExceptions.csproj", "{9084CFCA-CF7D-41C8-806A-86408AE0AB04}"
EndProject
Project("{FAE04EC0-301F-11D3-BF4B-00C04F79EFBC}") = "01.MostFrequentNumber", "01.MostFrequentNumber\01.MostFrequentNumber.csproj", "{10329391-B5A6-4363-AEFF-AB5C26187441}"
EndProject
Project("{FAE04EC0-301F-11D3-BF4B-00C04F79EFBC}") = "02.IndexOfLetters", "02.IndexOfLetters\02.IndexOfLetters.csproj", "{1B1A6611-0BBC-403E-BBE4-2CC7BB245189}"
EndProject
Project("{FAE04EC0-301F-11D3-BF4B-00C04F79EFBC}") = "03.EqualSums", "03.EqualSums\03.EqualSums.csproj", "{1481545A-1298-4522-83D4-DE4ABB2648F2}"
EndProject
Project("{FAE04EC0-301F-11D3-BF4B-00C04F79EFBC}") = "04.MaxSequenceOfEqual", "04.MaxSequenceOfEqual\04.MaxSequenceOfEqual.csproj", "{F0542928-B7BC-4CFC-81F6-198CCD9A1A77}"
EndProject
Project("{FAE04EC0-301F-11D3-BF4B-00C04F79EFBC}") = "05.AMinerTask", "5.AMinerTask\05.AMinerTask.csproj", "{1D15101F-499C-42CA-A03B-7C47B2E47C55}"
EndProject
Project("{FAE04EC0-301F-11D3-BF4B-00C04F79EFBC}") = "06.FixEmails", "6.FixEmails\06.FixEmails.csproj", "{EE94436E-B8FF-4DC3-BB7B-32C7EEADA19C}"
EndProject
Project("{FAE04EC0-301F-11D3-BF4B-00C04F79EFBC}") = "07.AdvertMessage", "7.AdvertMessage\07.AdvertMessage.csproj", "{D7528C87-7DE2-4825-8AA6-C8E72B98300A}"
EndProject
Project("{FAE04EC0-301F-11D3-BF4B-00C04F79EFBC}") = "08.AverageGrades", "8.AverageGrades\08.AverageGrades.csproj", "{B43D995D-7595-40AF-B641-F44F985EAAC7}"
EndProject
Project("{FAE04EC0-301F-11D3-BF4B-00C04F79EFBC}") = "09.BookLibrary", "9.BookLibrary\09.BookLibrary.csproj", "{95032796-5C74-4621-BC1C-CB2AE78B2E90}"
EndProject
Project("{FAE04EC0-301F-11D3-BF4B-00C04F79EFBC}") = "10.BookLibraryModif", "10.BookLibraryModif\10.BookLibraryModif.csproj", "{99373542-BFF6-4EF2-BDB5-4629D0762955}"
EndProject
Global
	GlobalSection(SolutionConfigurationPlatforms) = preSolution
		Debug|Any CPU = Debug|Any CPU
		Release|Any CPU = Release|Any CPU
	EndGlobalSection
	GlobalSection(ProjectConfigurationPlatforms) = postSolution
		{9084CFCA-CF7D-41C8-806A-86408AE0AB04}.Debug|Any CPU.ActiveCfg = Debug|Any CPU
		{9084CFCA-CF7D-41C8-806A-86408AE0AB04}.Debug|Any CPU.Build.0 = Debug|Any CPU
		{9084CFCA-CF7D-41C8-806A-86408AE0AB04}.Release|Any CPU.ActiveCfg = Release|Any CPU
		{9084CFCA-CF7D-41C8-806A-86408AE0AB04}.Release|Any CPU.Build.0 = Release|Any CPU
		{10329391-B5A6-4363-AEFF-AB5C26187441}.Debug|Any CPU.ActiveCfg = Debug|Any CPU
		{10329391-B5A6-4363-AEFF-AB5C26187441}.Debug|Any CPU.Build.0 = Debug|Any CPU
		{10329391-B5A6-4363-AEFF-AB5C26187441}.Release|Any CPU.ActiveCfg = Release|Any CPU
		{10329391-B5A6-4363-AEFF-AB5C26187441}.Release|Any CPU.Build.0 = Release|Any CPU
		{1B1A6611-0BBC-403E-BBE4-2CC7BB245189}.Debug|Any CPU.ActiveCfg = Debug|Any CPU
		{1B1A6611-0BBC-403E-BBE4-2CC7BB245189}.Debug|Any CPU.Build.0 = Debug|Any CPU
		{1B1A6611-0BBC-403E-BBE4-2CC7BB245189}.Release|Any CPU.ActiveCfg = Release|Any CPU
		{1B1A6611-0BBC-403E-BBE4-2CC7BB245189}.Release|Any CPU.Build.0 = Release|Any CPU
		{1481545A-1298-4522-83D4-DE4ABB2648F2}.Debug|Any CPU.ActiveCfg = Debug|Any CPU
		{1481545A-1298-4522-83D4-DE4ABB2648F2}.Debug|Any CPU.Build.0 = Debug|Any CPU
		{1481545A-1298-4522-83D4-DE4ABB2648F2}.Release|Any CPU.ActiveCfg = Release|Any CPU
		{1481545A-1298-4522-83D4-DE4ABB2648F2}.Release|Any CPU.Build.0 = Release|Any CPU
		{F0542928-B7BC-4CFC-81F6-198CCD9A1A77}.Debug|Any CPU.ActiveCfg = Debug|Any CPU
		{F0542928-B7BC-4CFC-81F6-198CCD9A1A77}.Debug|Any CPU.Build.0 = Debug|Any CPU
		{F0542928-B7BC-4CFC-81F6-198CCD9A1A77}.Release|Any CPU.ActiveCfg = Release|Any CPU
		{F0542928-B7BC-4CFC-81F6-198CCD9A1A77}.Release|Any CPU.Build.0 = Release|Any CPU
		{1D15101F-499C-42CA-A03B-7C47B2E47C55}.Debug|Any CPU.ActiveCfg = Debug|Any CPU
		{1D15101F-499C-42CA-A03B-7C47B2E47C55}.Debug|Any CPU.Build.0 = Debug|Any CPU
		{1D15101F-499C-42CA-A03B-7C47B2E47C55}.Release|Any CPU.ActiveCfg = Release|Any CPU
		{1D15101F-499C-42CA-A03B-7C47B2E47C55}.Release|Any CPU.Build.0 = Release|Any CPU
		{EE94436E-B8FF-4DC3-BB7B-32C7EEADA19C}.Debug|Any CPU.ActiveCfg = Debug|Any CPU
		{EE94436E-B8FF-4DC3-BB7B-32C7EEADA19C}.Debug|Any CPU.Build.0 = Debug|Any CPU
		{EE94436E-B8FF-4DC3-BB7B-32C7EEADA19C}.Release|Any CPU.ActiveCfg = Release|Any CPU
		{EE94436E-B8FF-4DC3-BB7B-32C7EEADA19C}.Release|Any CPU.Build.0 = Release|Any CPU
		{D7528C87-7DE2-4825-8AA6-C8E72B98300A}.Debug|Any CPU.ActiveCfg = Debug|Any CPU
		{D7528C87-7DE2-4825-8AA6-C8E72B98300A}.Debug|Any CPU.Build.0 = Debug|Any CPU
		{D7528C87-7DE2-4825-8AA6-C8E72B98300A}.Release|Any CPU.ActiveCfg = Release|Any CPU
		{D7528C87-7DE2-4825-8AA6-C8E72B98300A}.Release|Any CPU.Build.0 = Release|Any CPU
		{B43D995D-7595-40AF-B641-F44F985EAAC7}.Debug|Any CPU.ActiveCfg = Debug|Any CPU
		{B43D995D-7595-40AF-B641-F44F985EAAC7}.Debug|Any CPU.Build.0 = Debug|Any CPU
		{B43D995D-7595-40AF-B641-F44F985EAAC7}.Release|Any CPU.ActiveCfg = Release|Any CPU
		{B43D995D-7595-40AF-B641-F44F985EAAC7}.Release|Any CPU.Build.0 = Release|Any CPU
		{95032796-5C74-4621-BC1C-CB2AE78B2E90}.Debug|Any CPU.ActiveCfg = Debug|Any CPU
		{95032796-5C74-4621-BC1C-CB2AE78B2E90}.Debug|Any CPU.Build.0 = Debug|Any CPU
		{95032796-5C74-4621-BC1C-CB2AE78B2E90}.Release|Any CPU.ActiveCfg = Release|Any CPU
		{95032796-5C74-4621-BC1C-CB2AE78B2E90}.Release|Any CPU.Build.0 = Release|Any CPU
		{99373542-BFF6-4EF2-BDB5-4629D0762955}.Debug|Any CPU.ActiveCfg = Debug|Any CPU
		{99373542-BFF6-4EF2-BDB5-4629D0762955}.Debug|Any CPU.Build.0 = Debug|Any CPU
		{99373542-BFF6-4EF2-BDB5-4629D0762955}.Release|Any CPU.ActiveCfg = Release|Any CPU
		{99373542-BFF6-4EF2-BDB5-4629D0762955}.Release|Any CPU.Build.0 = Release|Any CPU
	EndGlobalSection
	GlobalSection(SolutionProperties) = preSolution
		HideSolutionNode = FALSE
	EndGlobalSection
EndGlobal
