
Microsoft Visual Studio Solution File, Format Version 12.00
# Visual Studio Express 14 for Windows Desktop
VisualStudioVersion = 14.0.25420.1
MinimumVisualStudioVersion = 10.0.40219.1
Project("{FAE04EC0-301F-11D3-BF4B-00C04F79EFBC}") = "1. Phonebook", "Dictionaries-Lambda-LINQ\1. Phonebook.csproj", "{9F70E753-FE69-4AB1-BD0F-3CC508763B14}"
EndProject
Project("{FAE04EC0-301F-11D3-BF4B-00C04F79EFBC}") = "2. Phonebook Upgrade", "2. Phonebook Upgrade\2. Phonebook Upgrade.csproj", "{11F4346E-1CA0-48CA-BDAC-794CDC6B79D1}"
EndProject
Project("{FAE04EC0-301F-11D3-BF4B-00C04F79EFBC}") = "Test", "Test\Test.csproj", "{1E957950-9534-4C87-A102-53F29C38E8B7}"
EndProject
Project("{FAE04EC0-301F-11D3-BF4B-00C04F79EFBC}") = "3. A Miner Task", "3. A Miner Task\3. A Miner Task.csproj", "{FBC76545-7C94-45A8-BDAE-7C088BFABF64}"
EndProject
Project("{FAE04EC0-301F-11D3-BF4B-00C04F79EFBC}") = "4. Fix Emails", "4. Fix Emails\4. Fix Emails.csproj", "{E0F4610C-5D2F-4BA7-926D-9AAC7925D3F9}"
EndProject
Project("{FAE04EC0-301F-11D3-BF4B-00C04F79EFBC}") = "5. Hands of Cards", "5. Hands of Cards\5. Hands of Cards.csproj", "{72533EFB-66DF-4A94-9293-15120BACED8C}"
EndProject
Project("{FAE04EC0-301F-11D3-BF4B-00C04F79EFBC}") = "6. User Logs", "6. User Logs\6. User Logs.csproj", "{CE99A34C-ECFD-4646-8614-7FD32DB21BE1}"
EndProject
Global
	GlobalSection(SolutionConfigurationPlatforms) = preSolution
		Debug|Any CPU = Debug|Any CPU
		Release|Any CPU = Release|Any CPU
	EndGlobalSection
	GlobalSection(ProjectConfigurationPlatforms) = postSolution
		{9F70E753-FE69-4AB1-BD0F-3CC508763B14}.Debug|Any CPU.ActiveCfg = Debug|Any CPU
		{9F70E753-FE69-4AB1-BD0F-3CC508763B14}.Debug|Any CPU.Build.0 = Debug|Any CPU
		{9F70E753-FE69-4AB1-BD0F-3CC508763B14}.Release|Any CPU.ActiveCfg = Release|Any CPU
		{9F70E753-FE69-4AB1-BD0F-3CC508763B14}.Release|Any CPU.Build.0 = Release|Any CPU
		{11F4346E-1CA0-48CA-BDAC-794CDC6B79D1}.Debug|Any CPU.ActiveCfg = Debug|Any CPU
		{11F4346E-1CA0-48CA-BDAC-794CDC6B79D1}.Debug|Any CPU.Build.0 = Debug|Any CPU
		{11F4346E-1CA0-48CA-BDAC-794CDC6B79D1}.Release|Any CPU.ActiveCfg = Release|Any CPU
		{11F4346E-1CA0-48CA-BDAC-794CDC6B79D1}.Release|Any CPU.Build.0 = Release|Any CPU
		{1E957950-9534-4C87-A102-53F29C38E8B7}.Debug|Any CPU.ActiveCfg = Debug|Any CPU
		{1E957950-9534-4C87-A102-53F29C38E8B7}.Debug|Any CPU.Build.0 = Debug|Any CPU
		{1E957950-9534-4C87-A102-53F29C38E8B7}.Release|Any CPU.ActiveCfg = Release|Any CPU
		{1E957950-9534-4C87-A102-53F29C38E8B7}.Release|Any CPU.Build.0 = Release|Any CPU
		{FBC76545-7C94-45A8-BDAE-7C088BFABF64}.Debug|Any CPU.ActiveCfg = Debug|Any CPU
		{FBC76545-7C94-45A8-BDAE-7C088BFABF64}.Debug|Any CPU.Build.0 = Debug|Any CPU
		{FBC76545-7C94-45A8-BDAE-7C088BFABF64}.Release|Any CPU.ActiveCfg = Release|Any CPU
		{FBC76545-7C94-45A8-BDAE-7C088BFABF64}.Release|Any CPU.Build.0 = Release|Any CPU
		{E0F4610C-5D2F-4BA7-926D-9AAC7925D3F9}.Debug|Any CPU.ActiveCfg = Debug|Any CPU
		{E0F4610C-5D2F-4BA7-926D-9AAC7925D3F9}.Debug|Any CPU.Build.0 = Debug|Any CPU
		{E0F4610C-5D2F-4BA7-926D-9AAC7925D3F9}.Release|Any CPU.ActiveCfg = Release|Any CPU
		{E0F4610C-5D2F-4BA7-926D-9AAC7925D3F9}.Release|Any CPU.Build.0 = Release|Any CPU
		{72533EFB-66DF-4A94-9293-15120BACED8C}.Debug|Any CPU.ActiveCfg = Debug|Any CPU
		{72533EFB-66DF-4A94-9293-15120BACED8C}.Debug|Any CPU.Build.0 = Debug|Any CPU
		{72533EFB-66DF-4A94-9293-15120BACED8C}.Release|Any CPU.ActiveCfg = Release|Any CPU
		{72533EFB-66DF-4A94-9293-15120BACED8C}.Release|Any CPU.Build.0 = Release|Any CPU
		{CE99A34C-ECFD-4646-8614-7FD32DB21BE1}.Debug|Any CPU.ActiveCfg = Debug|Any CPU
		{CE99A34C-ECFD-4646-8614-7FD32DB21BE1}.Debug|Any CPU.Build.0 = Debug|Any CPU
		{CE99A34C-ECFD-4646-8614-7FD32DB21BE1}.Release|Any CPU.ActiveCfg = Release|Any CPU
		{CE99A34C-ECFD-4646-8614-7FD32DB21BE1}.Release|Any CPU.Build.0 = Release|Any CPU
	EndGlobalSection
	GlobalSection(SolutionProperties) = preSolution
		HideSolutionNode = FALSE
	EndGlobalSection
EndGlobal
