
Microsoft Visual Studio Solution File, Format Version 12.00
# Visual Studio Express 14 for Windows Desktop
VisualStudioVersion = 14.0.25420.1
MinimumVisualStudioVersion = 10.0.40219.1
Project("{FAE04EC0-301F-11D3-BF4B-00C04F79EFBC}") = "ObjectsAndClassesExercises", "ObjectsAndClassesExercises\ObjectsAndClassesExercises.csproj", "{2A38F3C3-A367-43AB-9BFB-88EAF0CB4C2B}"
EndProject
Project("{FAE04EC0-301F-11D3-BF4B-00C04F79EFBC}") = "2. Advertisement Message", "2. Advertisement Message\2. Advertisement Message.csproj", "{5A5A0330-1B6B-4630-9A96-115C9629D7D6}"
EndProject
Project("{FAE04EC0-301F-11D3-BF4B-00C04F79EFBC}") = "3. Intersection of Circles", "3. Intersection of Circles\3. Intersection of Circles.csproj", "{AEF9DB17-634D-4DC2-A305-1F180E17F33B}"
EndProject
Project("{FAE04EC0-301F-11D3-BF4B-00C04F79EFBC}") = "4. Average Grades", "4. Average Grades\4. Average Grades.csproj", "{B2A1624E-9A4B-4AC0-95A0-F75B94C94119}"
EndProject
Global
	GlobalSection(SolutionConfigurationPlatforms) = preSolution
		Debug|Any CPU = Debug|Any CPU
		Release|Any CPU = Release|Any CPU
	EndGlobalSection
	GlobalSection(ProjectConfigurationPlatforms) = postSolution
		{2A38F3C3-A367-43AB-9BFB-88EAF0CB4C2B}.Debug|Any CPU.ActiveCfg = Debug|Any CPU
		{2A38F3C3-A367-43AB-9BFB-88EAF0CB4C2B}.Debug|Any CPU.Build.0 = Debug|Any CPU
		{2A38F3C3-A367-43AB-9BFB-88EAF0CB4C2B}.Release|Any CPU.ActiveCfg = Release|Any CPU
		{2A38F3C3-A367-43AB-9BFB-88EAF0CB4C2B}.Release|Any CPU.Build.0 = Release|Any CPU
		{5A5A0330-1B6B-4630-9A96-115C9629D7D6}.Debug|Any CPU.ActiveCfg = Debug|Any CPU
		{5A5A0330-1B6B-4630-9A96-115C9629D7D6}.Debug|Any CPU.Build.0 = Debug|Any CPU
		{5A5A0330-1B6B-4630-9A96-115C9629D7D6}.Release|Any CPU.ActiveCfg = Release|Any CPU
		{5A5A0330-1B6B-4630-9A96-115C9629D7D6}.Release|Any CPU.Build.0 = Release|Any CPU
		{AEF9DB17-634D-4DC2-A305-1F180E17F33B}.Debug|Any CPU.ActiveCfg = Debug|Any CPU
		{AEF9DB17-634D-4DC2-A305-1F180E17F33B}.Debug|Any CPU.Build.0 = Debug|Any CPU
		{AEF9DB17-634D-4DC2-A305-1F180E17F33B}.Release|Any CPU.ActiveCfg = Release|Any CPU
		{AEF9DB17-634D-4DC2-A305-1F180E17F33B}.Release|Any CPU.Build.0 = Release|Any CPU
		{B2A1624E-9A4B-4AC0-95A0-F75B94C94119}.Debug|Any CPU.ActiveCfg = Debug|Any CPU
		{B2A1624E-9A4B-4AC0-95A0-F75B94C94119}.Debug|Any CPU.Build.0 = Debug|Any CPU
		{B2A1624E-9A4B-4AC0-95A0-F75B94C94119}.Release|Any CPU.ActiveCfg = Release|Any CPU
		{B2A1624E-9A4B-4AC0-95A0-F75B94C94119}.Release|Any CPU.Build.0 = Release|Any CPU
	EndGlobalSection
	GlobalSection(SolutionProperties) = preSolution
		HideSolutionNode = FALSE
	EndGlobalSection
EndGlobal
